
Microsoft Visual Studio Solution File, Format Version 12.00
# Visual Studio Version 16
VisualStudioVersion = 16.0.29728.190
MinimumVisualStudioVersion = 10.0.40219.1
Project("{FAE04EC0-301F-11D3-BF4B-00C04F79EFBC}") = "TestApp", "TestApp\TestApp.csproj", "{B16C2D2A-ECE4-43C2-BA66-9C292FC24CAD}"
EndProject
Global
	GlobalSection(SolutionConfigurationPlatforms) = preSolution
		Debug|Any CPU = Debug|Any CPU
		Release|Any CPU = Release|Any CPU
	EndGlobalSection
	GlobalSection(ProjectConfigurationPlatforms) = postSolution
		{B16C2D2A-ECE4-43C2-BA66-9C292FC24CAD}.Debug|Any CPU.ActiveCfg = Debug|Any CPU
		{B16C2D2A-ECE4-43C2-BA66-9C292FC24CAD}.Debug|Any CPU.Build.0 = Debug|Any CPU
		{B16C2D2A-ECE4-43C2-BA66-9C292FC24CAD}.Release|Any CPU.ActiveCfg = Release|Any CPU
		{B16C2D2A-ECE4-43C2-BA66-9C292FC24CAD}.Release|Any CPU.Build.0 = Release|Any CPU
	EndGlobalSection
	GlobalSection(SolutionProperties) = preSolution
		HideSolutionNode = FALSE
	EndGlobalSection
	GlobalSection(ExtensibilityGlobals) = postSolution
		SolutionGuid = {9622063C-E969-4A3F-91A4-86CAB099D5F1}
	EndGlobalSection
EndGlobal
